
Microsoft Visual Studio Solution File, Format Version 12.00
# Visual Studio Version 16
VisualStudioVersion = 16.0.30907.101
MinimumVisualStudioVersion = 10.0.40219.1
Project("{9A19103F-16F7-4668-BE54-9A1E7A4F7556}") = "Saas.Service", "Saas.Service\Saas.Service.csproj", "{51A085CA-7AF5-4D4D-917C-D6804B025552}"
EndProject
Project("{9A19103F-16F7-4668-BE54-9A1E7A4F7556}") = "Saas.DbLib", "Saas.DbLib\Saas.DbLib.csproj", "{21658A6E-3568-4149-BE50-91C287E4C200}"
EndProject
Project("{9A19103F-16F7-4668-BE54-9A1E7A4F7556}") = "Saas.Script", "Saas.Script\Saas.Script.csproj", "{E190EBA7-4A78-4A22-A9E1-3D7538725CFD}"
EndProject
Project("{9A19103F-16F7-4668-BE54-9A1E7A4F7556}") = "Saas.Model", "Saas.Model\Saas.Model.csproj", "{B9D3B6FF-5C13-456A-97D1-CBF5C959D92A}"
EndProject
Project("{9A19103F-16F7-4668-BE54-9A1E7A4F7556}") = "Saas.UI", "Saas.UI\Saas.UI.csproj", "{161B4C7E-0D03-430C-8337-F937D8E75C06}"
EndProject
Project("{9A19103F-16F7-4668-BE54-9A1E7A4F7556}") = "Saas.Service.Test", "Saas.Service.Test\Saas.Service.Test.csproj", "{6EA8AF05-7DD1-47C3-B903-0F7558781A08}"
EndProject
Project("{9A19103F-16F7-4668-BE54-9A1E7A4F7556}") = "Saas.Business", "Saas.Business\Saas.Business.csproj", "{E3BB5E6B-6CE0-4BD3-9D7B-4250D1258DD7}"
EndProject
Project("{FAE04EC0-301F-11D3-BF4B-00C04F79EFBC}") = "Saas.MongoDbLib", "Saas.MongoDbLib\Saas.MongoDbLib.csproj", "{8847B641-C6D6-4533-93C7-E34F8342B6AC}"
EndProject
Global
	GlobalSection(SolutionConfigurationPlatforms) = preSolution
		Debug|Any CPU = Debug|Any CPU
		Release|Any CPU = Release|Any CPU
	EndGlobalSection
	GlobalSection(ProjectConfigurationPlatforms) = postSolution
		{51A085CA-7AF5-4D4D-917C-D6804B025552}.Debug|Any CPU.ActiveCfg = Debug|Any CPU
		{51A085CA-7AF5-4D4D-917C-D6804B025552}.Debug|Any CPU.Build.0 = Debug|Any CPU
		{51A085CA-7AF5-4D4D-917C-D6804B025552}.Release|Any CPU.ActiveCfg = Release|Any CPU
		{51A085CA-7AF5-4D4D-917C-D6804B025552}.Release|Any CPU.Build.0 = Release|Any CPU
		{21658A6E-3568-4149-BE50-91C287E4C200}.Debug|Any CPU.ActiveCfg = Debug|Any CPU
		{21658A6E-3568-4149-BE50-91C287E4C200}.Debug|Any CPU.Build.0 = Debug|Any CPU
		{21658A6E-3568-4149-BE50-91C287E4C200}.Release|Any CPU.ActiveCfg = Release|Any CPU
		{21658A6E-3568-4149-BE50-91C287E4C200}.Release|Any CPU.Build.0 = Release|Any CPU
		{E190EBA7-4A78-4A22-A9E1-3D7538725CFD}.Debug|Any CPU.ActiveCfg = Debug|Any CPU
		{E190EBA7-4A78-4A22-A9E1-3D7538725CFD}.Debug|Any CPU.Build.0 = Debug|Any CPU
		{E190EBA7-4A78-4A22-A9E1-3D7538725CFD}.Release|Any CPU.ActiveCfg = Release|Any CPU
		{E190EBA7-4A78-4A22-A9E1-3D7538725CFD}.Release|Any CPU.Build.0 = Release|Any CPU
		{B9D3B6FF-5C13-456A-97D1-CBF5C959D92A}.Debug|Any CPU.ActiveCfg = Debug|Any CPU
		{B9D3B6FF-5C13-456A-97D1-CBF5C959D92A}.Debug|Any CPU.Build.0 = Debug|Any CPU
		{B9D3B6FF-5C13-456A-97D1-CBF5C959D92A}.Release|Any CPU.ActiveCfg = Release|Any CPU
		{B9D3B6FF-5C13-456A-97D1-CBF5C959D92A}.Release|Any CPU.Build.0 = Release|Any CPU
		{161B4C7E-0D03-430C-8337-F937D8E75C06}.Debug|Any CPU.ActiveCfg = Debug|Any CPU
		{161B4C7E-0D03-430C-8337-F937D8E75C06}.Debug|Any CPU.Build.0 = Debug|Any CPU
		{161B4C7E-0D03-430C-8337-F937D8E75C06}.Release|Any CPU.ActiveCfg = Release|Any CPU
		{161B4C7E-0D03-430C-8337-F937D8E75C06}.Release|Any CPU.Build.0 = Release|Any CPU
		{6EA8AF05-7DD1-47C3-B903-0F7558781A08}.Debug|Any CPU.ActiveCfg = Debug|Any CPU
		{6EA8AF05-7DD1-47C3-B903-0F7558781A08}.Debug|Any CPU.Build.0 = Debug|Any CPU
		{6EA8AF05-7DD1-47C3-B903-0F7558781A08}.Release|Any CPU.ActiveCfg = Release|Any CPU
		{6EA8AF05-7DD1-47C3-B903-0F7558781A08}.Release|Any CPU.Build.0 = Release|Any CPU
		{E3BB5E6B-6CE0-4BD3-9D7B-4250D1258DD7}.Debug|Any CPU.ActiveCfg = Debug|Any CPU
		{E3BB5E6B-6CE0-4BD3-9D7B-4250D1258DD7}.Debug|Any CPU.Build.0 = Debug|Any CPU
		{E3BB5E6B-6CE0-4BD3-9D7B-4250D1258DD7}.Release|Any CPU.ActiveCfg = Release|Any CPU
		{E3BB5E6B-6CE0-4BD3-9D7B-4250D1258DD7}.Release|Any CPU.Build.0 = Release|Any CPU
		{8847B641-C6D6-4533-93C7-E34F8342B6AC}.Debug|Any CPU.ActiveCfg = Debug|Any CPU
		{8847B641-C6D6-4533-93C7-E34F8342B6AC}.Debug|Any CPU.Build.0 = Debug|Any CPU
		{8847B641-C6D6-4533-93C7-E34F8342B6AC}.Release|Any CPU.ActiveCfg = Release|Any CPU
		{8847B641-C6D6-4533-93C7-E34F8342B6AC}.Release|Any CPU.Build.0 = Release|Any CPU
	EndGlobalSection
	GlobalSection(SolutionProperties) = preSolution
		HideSolutionNode = FALSE
	EndGlobalSection
	GlobalSection(ExtensibilityGlobals) = postSolution
		SolutionGuid = {849F27E6-7BC8-49CF-8D47-F1E370EC7DD2}
	EndGlobalSection
EndGlobal
